// !$*UTF8*$!
{
	archiveVersion = 1;
	classes = {
	};
	objectVersion = 52;
	objects = {

/* Begin PBXBuildFile section */
		241DABCA24B856CA001B5FB8 /* AmountPicker.swift in Sources */ = {isa = PBXBuildFile; fileRef = 241DABC924B856CA001B5FB8 /* AmountPicker.swift */; };
		241DABCF24B85CE4001B5FB8 /* View+debugPrint.swift in Sources */ = {isa = PBXBuildFile; fileRef = 241DABCE24B85CE4001B5FB8 /* View+debugPrint.swift */; };
		241DABD124B86435001B5FB8 /* EntitySelector.swift in Sources */ = {isa = PBXBuildFile; fileRef = 241DABD024B86435001B5FB8 /* EntitySelector.swift */; };
		241DABD424B8E208001B5FB8 /* Portfolio+Ext.swift in Sources */ = {isa = PBXBuildFile; fileRef = 241DABD324B8E208001B5FB8 /* Portfolio+Ext.swift */; };
		241DABD624B8E279001B5FB8 /* Portfolio+Ext NOT USED.swift in Sources */ = {isa = PBXBuildFile; fileRef = 241DABD524B8E279001B5FB8 /* Portfolio+Ext NOT USED.swift */; };
		241DABDA24B9A406001B5FB8 /* Portfolio+Totals.swift in Sources */ = {isa = PBXBuildFile; fileRef = 241DABD924B9A406001B5FB8 /* Portfolio+Totals.swift */; };
		241DABDC24B9B326001B5FB8 /* ProjectRow.swift in Sources */ = {isa = PBXBuildFile; fileRef = 241DABDB24B9B326001B5FB8 /* ProjectRow.swift */; };
		241DABDE24BA18C9001B5FB8 /* SimpleEditor.swift in Sources */ = {isa = PBXBuildFile; fileRef = 241DABDD24BA18C9001B5FB8 /* SimpleEditor.swift */; };
		241DABE024BA5D96001B5FB8 /* EntityRow.swift in Sources */ = {isa = PBXBuildFile; fileRef = 241DABDF24BA5D96001B5FB8 /* EntityRow.swift */; };
		241DABE324BB8341001B5FB8 /* Portfolio+Entity.swift in Sources */ = {isa = PBXBuildFile; fileRef = 241DABE224BB8341001B5FB8 /* Portfolio+Entity.swift */; };
		241DABE524BBAB9C001B5FB8 /* Project+Ext.swift in Sources */ = {isa = PBXBuildFile; fileRef = 241DABE424BBAB9C001B5FB8 /* Project+Ext.swift */; };
		24277C8B24B334D0006DE82A /* Extension+Date.swift in Sources */ = {isa = PBXBuildFile; fileRef = 24277C8A24B334D0006DE82A /* Extension+Date.swift */; };
		24277C8F24B364A7006DE82A /* EditorWrapper.swift in Sources */ = {isa = PBXBuildFile; fileRef = 24277C8E24B364A7006DE82A /* EditorWrapper.swift */; };
		24277C9324B37FB2006DE82A /* Placeholdable.swift in Sources */ = {isa = PBXBuildFile; fileRef = 24277C9224B37FB2006DE82A /* Placeholdable.swift */; };
		24277C9924B398F1006DE82A /* ProjectEditor.swift in Sources */ = {isa = PBXBuildFile; fileRef = 24277C9824B398F1006DE82A /* ProjectEditor.swift */; };
		24277C9E24B4A599006DE82A /* Uniqued+String.swift in Sources */ = {isa = PBXBuildFile; fileRef = 24277C9D24B4A599006DE82A /* Uniqued+String.swift */; };
		245B672924B080D3004F35F4 /* InvestmentDataModel in Frameworks */ = {isa = PBXBuildFile; productRef = 245B672824B080D3004F35F4 /* InvestmentDataModel */; };
		245B672F24B0B4C4004F35F4 /* ProjectList.swift in Sources */ = {isa = PBXBuildFile; fileRef = 245B672E24B0B4C4004F35F4 /* ProjectList.swift */; };
		245B673124B0B4FF004F35F4 /* sample data projects.swift in Sources */ = {isa = PBXBuildFile; fileRef = 245B673024B0B4FF004F35F4 /* sample data projects.swift */; };
		245B673324B0B894004F35F4 /* Portfolio.swift in Sources */ = {isa = PBXBuildFile; fileRef = 245B673224B0B894004F35F4 /* Portfolio.swift */; };
		245B673624B0B92E004F35F4 /* Settings.swift in Sources */ = {isa = PBXBuildFile; fileRef = 245B673524B0B92E004F35F4 /* Settings.swift */; };
		245B673824B0BAC8004F35F4 /* SettingsView.swift in Sources */ = {isa = PBXBuildFile; fileRef = 245B673724B0BAC8004F35F4 /* SettingsView.swift */; };
		245B673B24B12A67004F35F4 /* ProjectView.swift in Sources */ = {isa = PBXBuildFile; fileRef = 245B673A24B12A67004F35F4 /* ProjectView.swift */; };
		245B673F24B13BC7004F35F4 /* EntityEditor.swift in Sources */ = {isa = PBXBuildFile; fileRef = 245B673E24B13BC7004F35F4 /* EntityEditor.swift */; };
		245B674124B13CB6004F35F4 /* PaymentEditor.swift in Sources */ = {isa = PBXBuildFile; fileRef = 245B674024B13CB6004F35F4 /* PaymentEditor.swift */; };
		245B674624B1B771004F35F4 /* Array+Identifiable.swift in Sources */ = {isa = PBXBuildFile; fileRef = 245B674524B1B771004F35F4 /* Array+Identifiable.swift */; };
		245B674824B1C07F004F35F4 /* PaymentRow.swift in Sources */ = {isa = PBXBuildFile; fileRef = 245B674724B1C07F004F35F4 /* PaymentRow.swift */; };
		245B674A24B1D973004F35F4 /* PaymentView.swift in Sources */ = {isa = PBXBuildFile; fileRef = 245B674924B1D973004F35F4 /* PaymentView.swift */; };
		245B674C24B1F63E004F35F4 /* EntityPicker.swift in Sources */ = {isa = PBXBuildFile; fileRef = 245B674B24B1F63E004F35F4 /* EntityPicker.swift */; };
		246269F924B07A930008D0CB /* InvestmentTrackerApp.swift in Sources */ = {isa = PBXBuildFile; fileRef = 246269F824B07A930008D0CB /* InvestmentTrackerApp.swift */; };
		246269FB24B07A930008D0CB /* ContentView.swift in Sources */ = {isa = PBXBuildFile; fileRef = 246269FA24B07A930008D0CB /* ContentView.swift */; };
		246269FD24B07A930008D0CB /* Assets.xcassets in Resources */ = {isa = PBXBuildFile; fileRef = 246269FC24B07A930008D0CB /* Assets.xcassets */; };
		24626A0024B07A930008D0CB /* Preview Assets.xcassets in Resources */ = {isa = PBXBuildFile; fileRef = 246269FF24B07A930008D0CB /* Preview Assets.xcassets */; };
		24BBF15524B845F200CDF613 /* Validatable.swift in Sources */ = {isa = PBXBuildFile; fileRef = 24BBF15424B845F200CDF613 /* Validatable.swift */; };
		24F5E1CE24B5C8CE00D8453F /* EditorWrapper_Create_Test.swift in Sources */ = {isa = PBXBuildFile; fileRef = 24F5E1CD24B5C8CE00D8453F /* EditorWrapper_Create_Test.swift */; };
		24F5E1D224B5C98D00D8453F /* EditorWrapper_Edit_Test.swift in Sources */ = {isa = PBXBuildFile; fileRef = 24F5E1D124B5C98D00D8453F /* EditorWrapper_Edit_Test.swift */; };
		24FCF68D24B07D420035FC1C /* SwiftPI in Frameworks */ = {isa = PBXBuildFile; productRef = 24FCF68C24B07D420035FC1C /* SwiftPI */; };
/* End PBXBuildFile section */

/* Begin PBXFileReference section */
		241DABC924B856CA001B5FB8 /* AmountPicker.swift */ = {isa = PBXFileReference; lastKnownFileType = sourcecode.swift; path = AmountPicker.swift; sourceTree = "<group>"; };
		241DABCE24B85CE4001B5FB8 /* View+debugPrint.swift */ = {isa = PBXFileReference; lastKnownFileType = sourcecode.swift; path = "View+debugPrint.swift"; sourceTree = "<group>"; };
		241DABD024B86435001B5FB8 /* EntitySelector.swift */ = {isa = PBXFileReference; lastKnownFileType = sourcecode.swift; path = EntitySelector.swift; sourceTree = "<group>"; };
		241DABD224B8B18E001B5FB8 /* ReferenceWritableKeyPathTest.playground */ = {isa = PBXFileReference; lastKnownFileType = file.playground; name = ReferenceWritableKeyPathTest.playground; path = "../../../../Library/Autosave Information/ReferenceWritableKeyPathTest.playground"; sourceTree = "<group>"; xcLanguageSpecificationIdentifier = xcode.lang.swift; };
		241DABD324B8E208001B5FB8 /* Portfolio+Ext.swift */ = {isa = PBXFileReference; lastKnownFileType = sourcecode.swift; path = "Portfolio+Ext.swift"; sourceTree = "<group>"; };
		241DABD524B8E279001B5FB8 /* Portfolio+Ext NOT USED.swift */ = {isa = PBXFileReference; lastKnownFileType = sourcecode.swift; path = "Portfolio+Ext NOT USED.swift"; sourceTree = "<group>"; };
		241DABD924B9A406001B5FB8 /* Portfolio+Totals.swift */ = {isa = PBXFileReference; lastKnownFileType = sourcecode.swift; path = "Portfolio+Totals.swift"; sourceTree = "<group>"; };
		241DABDB24B9B326001B5FB8 /* ProjectRow.swift */ = {isa = PBXFileReference; lastKnownFileType = sourcecode.swift; path = ProjectRow.swift; sourceTree = "<group>"; };
		241DABDD24BA18C9001B5FB8 /* SimpleEditor.swift */ = {isa = PBXFileReference; lastKnownFileType = sourcecode.swift; path = SimpleEditor.swift; sourceTree = "<group>"; };
		241DABDF24BA5D96001B5FB8 /* EntityRow.swift */ = {isa = PBXFileReference; lastKnownFileType = sourcecode.swift; path = EntityRow.swift; sourceTree = "<group>"; };
		241DABE224BB8341001B5FB8 /* Portfolio+Entity.swift */ = {isa = PBXFileReference; fileEncoding = 4; lastKnownFileType = sourcecode.swift; path = "Portfolio+Entity.swift"; sourceTree = "<group>"; };
		241DABE424BBAB9C001B5FB8 /* Project+Ext.swift */ = {isa = PBXFileReference; lastKnownFileType = sourcecode.swift; path = "Project+Ext.swift"; sourceTree = "<group>"; };
		24277C8A24B334D0006DE82A /* Extension+Date.swift */ = {isa = PBXFileReference; fileEncoding = 4; lastKnownFileType = sourcecode.swift; path = "Extension+Date.swift"; sourceTree = "<group>"; };
		24277C8E24B364A7006DE82A /* EditorWrapper.swift */ = {isa = PBXFileReference; lastKnownFileType = sourcecode.swift; path = EditorWrapper.swift; sourceTree = "<group>"; };
		24277C9224B37FB2006DE82A /* Placeholdable.swift */ = {isa = PBXFileReference; lastKnownFileType = sourcecode.swift; path = Placeholdable.swift; sourceTree = "<group>"; };
		24277C9824B398F1006DE82A /* ProjectEditor.swift */ = {isa = PBXFileReference; lastKnownFileType = sourcecode.swift; path = ProjectEditor.swift; sourceTree = "<group>"; };
		24277C9D24B4A599006DE82A /* Uniqued+String.swift */ = {isa = PBXFileReference; lastKnownFileType = sourcecode.swift; path = "Uniqued+String.swift"; sourceTree = "<group>"; };
		24277C9F24B4A6E2006DE82A /* String uniqued.playground */ = {isa = PBXFileReference; lastKnownFileType = file.playground; name = "String uniqued.playground"; path = "InvestmentTracker/Playgrounds/String uniqued.playground"; sourceTree = SOURCE_ROOT; xcLanguageSpecificationIdentifier = xcode.lang.swift; };
		242B4B6A24B757330084AF8B /* WritableKeyPathTesting.playground */ = {isa = PBXFileReference; lastKnownFileType = file.playground; name = WritableKeyPathTesting.playground; path = "../../../../Library/Autosave Information/WritableKeyPathTesting.playground"; sourceTree = "<group>"; xcLanguageSpecificationIdentifier = xcode.lang.swift; };
		24523B2924B5FD3100FB0D97 /* EditorResult.playground */ = {isa = PBXFileReference; lastKnownFileType = file.playground; path = EditorResult.playground; sourceTree = "<group>"; xcLanguageSpecificationIdentifier = xcode.lang.swift; };
		245B672E24B0B4C4004F35F4 /* ProjectList.swift */ = {isa = PBXFileReference; lastKnownFileType = sourcecode.swift; path = ProjectList.swift; sourceTree = "<group>"; };
		245B673024B0B4FF004F35F4 /* sample data projects.swift */ = {isa = PBXFileReference; lastKnownFileType = sourcecode.swift; path = "sample data projects.swift"; sourceTree = "<group>"; };
		245B673224B0B894004F35F4 /* Portfolio.swift */ = {isa = PBXFileReference; lastKnownFileType = sourcecode.swift; path = Portfolio.swift; sourceTree = "<group>"; };
		245B673524B0B92E004F35F4 /* Settings.swift */ = {isa = PBXFileReference; lastKnownFileType = sourcecode.swift; path = Settings.swift; sourceTree = "<group>"; };
		245B673724B0BAC8004F35F4 /* SettingsView.swift */ = {isa = PBXFileReference; lastKnownFileType = sourcecode.swift; path = SettingsView.swift; sourceTree = "<group>"; };
		245B673A24B12A67004F35F4 /* ProjectView.swift */ = {isa = PBXFileReference; lastKnownFileType = sourcecode.swift; path = ProjectView.swift; sourceTree = "<group>"; };
		245B673E24B13BC7004F35F4 /* EntityEditor.swift */ = {isa = PBXFileReference; lastKnownFileType = sourcecode.swift; path = EntityEditor.swift; sourceTree = "<group>"; };
		245B674024B13CB6004F35F4 /* PaymentEditor.swift */ = {isa = PBXFileReference; lastKnownFileType = sourcecode.swift; path = PaymentEditor.swift; sourceTree = "<group>"; };
		245B674524B1B771004F35F4 /* Array+Identifiable.swift */ = {isa = PBXFileReference; lastKnownFileType = sourcecode.swift; path = "Array+Identifiable.swift"; sourceTree = "<group>"; };
		245B674724B1C07F004F35F4 /* PaymentRow.swift */ = {isa = PBXFileReference; lastKnownFileType = sourcecode.swift; path = PaymentRow.swift; sourceTree = "<group>"; };
		245B674924B1D973004F35F4 /* PaymentView.swift */ = {isa = PBXFileReference; lastKnownFileType = sourcecode.swift; path = PaymentView.swift; sourceTree = "<group>"; };
		245B674B24B1F63E004F35F4 /* EntityPicker.swift */ = {isa = PBXFileReference; lastKnownFileType = sourcecode.swift; path = EntityPicker.swift; sourceTree = "<group>"; };
		246269F524B07A920008D0CB /* InvestmentTracker.app */ = {isa = PBXFileReference; explicitFileType = wrapper.application; includeInIndex = 0; path = InvestmentTracker.app; sourceTree = BUILT_PRODUCTS_DIR; };
		246269F824B07A930008D0CB /* InvestmentTrackerApp.swift */ = {isa = PBXFileReference; lastKnownFileType = sourcecode.swift; path = InvestmentTrackerApp.swift; sourceTree = "<group>"; };
		246269FA24B07A930008D0CB /* ContentView.swift */ = {isa = PBXFileReference; lastKnownFileType = sourcecode.swift; path = ContentView.swift; sourceTree = "<group>"; };
		246269FC24B07A930008D0CB /* Assets.xcassets */ = {isa = PBXFileReference; lastKnownFileType = folder.assetcatalog; path = Assets.xcassets; sourceTree = "<group>"; };
		246269FF24B07A930008D0CB /* Preview Assets.xcassets */ = {isa = PBXFileReference; lastKnownFileType = folder.assetcatalog; path = "Preview Assets.xcassets"; sourceTree = "<group>"; };
		24626A0124B07A930008D0CB /* Info.plist */ = {isa = PBXFileReference; lastKnownFileType = text.plist.xml; path = Info.plist; sourceTree = "<group>"; };
		24BBF15424B845F200CDF613 /* Validatable.swift */ = {isa = PBXFileReference; fileEncoding = 4; lastKnownFileType = sourcecode.swift; name = Validatable.swift; path = "InvestmentTracker/View Model/Model Extensions/Validatable.swift"; sourceTree = SOURCE_ROOT; };
		24F5E1CD24B5C8CE00D8453F /* EditorWrapper_Create_Test.swift */ = {isa = PBXFileReference; lastKnownFileType = sourcecode.swift; path = EditorWrapper_Create_Test.swift; sourceTree = "<group>"; };
		24F5E1D124B5C98D00D8453F /* EditorWrapper_Edit_Test.swift */ = {isa = PBXFileReference; lastKnownFileType = sourcecode.swift; path = EditorWrapper_Edit_Test.swift; sourceTree = "<group>"; };
/* End PBXFileReference section */

/* Begin PBXFrameworksBuildPhase section */
		246269F224B07A920008D0CB /* Frameworks */ = {
			isa = PBXFrameworksBuildPhase;
			buildActionMask = 2147483647;
			files = (
				24FCF68D24B07D420035FC1C /* SwiftPI in Frameworks */,
				245B672924B080D3004F35F4 /* InvestmentDataModel in Frameworks */,
			);
			runOnlyForDeploymentPostprocessing = 0;
		};
/* End PBXFrameworksBuildPhase section */

/* Begin PBXGroup section */
		241DABCB24B85966001B5FB8 /* Entity Views */ = {
			isa = PBXGroup;
			children = (
				245B673E24B13BC7004F35F4 /* EntityEditor.swift */,
				241DABD024B86435001B5FB8 /* EntitySelector.swift */,
				245B674B24B1F63E004F35F4 /* EntityPicker.swift */,
				241DABDF24BA5D96001B5FB8 /* EntityRow.swift */,
			);
			path = "Entity Views";
			sourceTree = "<group>";
		};
		241DABCC24B85975001B5FB8 /* Payment Views */ = {
			isa = PBXGroup;
			children = (
				245B674924B1D973004F35F4 /* PaymentView.swift */,
				245B674024B13CB6004F35F4 /* PaymentEditor.swift */,
				241DABC924B856CA001B5FB8 /* AmountPicker.swift */,
			);
			path = "Payment Views";
			sourceTree = "<group>";
		};
		241DABCD24B8597F001B5FB8 /* Project Views */ = {
			isa = PBXGroup;
			children = (
				245B672E24B0B4C4004F35F4 /* ProjectList.swift */,
				241DABDB24B9B326001B5FB8 /* ProjectRow.swift */,
				245B673A24B12A67004F35F4 /* ProjectView.swift */,
				24277C9824B398F1006DE82A /* ProjectEditor.swift */,
				245B674724B1C07F004F35F4 /* PaymentRow.swift */,
			);
			path = "Project Views";
			sourceTree = "<group>";
		};
		241DABE124BB0216001B5FB8 /* Settings View */ = {
			isa = PBXGroup;
			children = (
				245B673724B0BAC8004F35F4 /* SettingsView.swift */,
			);
			path = "Settings View";
			sourceTree = "<group>";
		};
		242B4B6B24B845220084AF8B /* Model Extensions */ = {
			isa = PBXGroup;
			children = (
				241DABE424BBAB9C001B5FB8 /* Project+Ext.swift */,
				24BBF15424B845F200CDF613 /* Validatable.swift */,
				24277C9224B37FB2006DE82A /* Placeholdable.swift */,
			);
			path = "Model Extensions";
			sourceTree = "<group>";
		};
		245B673424B0B91F004F35F4 /* View Model */ = {
			isa = PBXGroup;
			children = (
				245B673524B0B92E004F35F4 /* Settings.swift */,
				245B673224B0B894004F35F4 /* Portfolio.swift */,
				241DABE224BB8341001B5FB8 /* Portfolio+Entity.swift */,
				241DABD924B9A406001B5FB8 /* Portfolio+Totals.swift */,
				241DABD324B8E208001B5FB8 /* Portfolio+Ext.swift */,
				241DABD524B8E279001B5FB8 /* Portfolio+Ext NOT USED.swift */,
				242B4B6B24B845220084AF8B /* Model Extensions */,
			);
			path = "View Model";
			sourceTree = "<group>";
		};
		245B673924B105F1004F35F4 /* Sample Data */ = {
			isa = PBXGroup;
			children = (
				245B673024B0B4FF004F35F4 /* sample data projects.swift */,
			);
			path = "Sample Data";
			sourceTree = "<group>";
		};
		245B674424B1B762004F35F4 /* Extensions */ = {
			isa = PBXGroup;
			children = (
				245B674524B1B771004F35F4 /* Array+Identifiable.swift */,
				24277C8A24B334D0006DE82A /* Extension+Date.swift */,
				24277C9D24B4A599006DE82A /* Uniqued+String.swift */,
				241DABCE24B85CE4001B5FB8 /* View+debugPrint.swift */,
			);
			path = Extensions;
			sourceTree = "<group>";
		};
		246269EC24B07A920008D0CB = {
			isa = PBXGroup;
			children = (
				246269F724B07A930008D0CB /* InvestmentTracker */,
				246269F624B07A920008D0CB /* Products */,
			);
			sourceTree = "<group>";
		};
		246269F624B07A920008D0CB /* Products */ = {
			isa = PBXGroup;
			children = (
				246269F524B07A920008D0CB /* InvestmentTracker.app */,
			);
			name = Products;
			sourceTree = "<group>";
		};
		246269F724B07A930008D0CB /* InvestmentTracker */ = {
			isa = PBXGroup;
			children = (
				246269F824B07A930008D0CB /* InvestmentTrackerApp.swift */,
				246269FA24B07A930008D0CB /* ContentView.swift */,
				241DABCD24B8597F001B5FB8 /* Project Views */,
				241DABCB24B85966001B5FB8 /* Entity Views */,
				241DABCC24B85975001B5FB8 /* Payment Views */,
				24F5E1CF24B5C94900D8453F /* EditorWrapper */,
				241DABE124BB0216001B5FB8 /* Settings View */,
				245B673424B0B91F004F35F4 /* View Model */,
				245B673924B105F1004F35F4 /* Sample Data */,
				245B674424B1B762004F35F4 /* Extensions */,
				24B4F70024B4AF7500DA8EA5 /* Playgrounds */,
				246269FC24B07A930008D0CB /* Assets.xcassets */,
				24626A0124B07A930008D0CB /* Info.plist */,
				246269FE24B07A930008D0CB /* Preview Content */,
			);
			path = InvestmentTracker;
			sourceTree = "<group>";
		};
		246269FE24B07A930008D0CB /* Preview Content */ = {
			isa = PBXGroup;
			children = (
				246269FF24B07A930008D0CB /* Preview Assets.xcassets */,
			);
			path = "Preview Content";
			sourceTree = "<group>";
		};
		24B4F70024B4AF7500DA8EA5 /* Playgrounds */ = {
			isa = PBXGroup;
			children = (
				241DABD224B8B18E001B5FB8 /* ReferenceWritableKeyPathTest.playground */,
				242B4B6A24B757330084AF8B /* WritableKeyPathTesting.playground */,
				24523B2924B5FD3100FB0D97 /* EditorResult.playground */,
				24277C9F24B4A6E2006DE82A /* String uniqued.playground */,
			);
			path = Playgrounds;
			sourceTree = "<group>";
		};
		24F5E1CF24B5C94900D8453F /* EditorWrapper */ = {
			isa = PBXGroup;
			children = (
				24277C8E24B364A7006DE82A /* EditorWrapper.swift */,
				241DABDD24BA18C9001B5FB8 /* SimpleEditor.swift */,
				24F5E1D024B5C96400D8453F /* Usage */,
			);
			path = EditorWrapper;
			sourceTree = "<group>";
		};
		24F5E1D024B5C96400D8453F /* Usage */ = {
			isa = PBXGroup;
			children = (
				24F5E1CD24B5C8CE00D8453F /* EditorWrapper_Create_Test.swift */,
				24F5E1D124B5C98D00D8453F /* EditorWrapper_Edit_Test.swift */,
			);
			path = Usage;
			sourceTree = "<group>";
		};
/* End PBXGroup section */

/* Begin PBXNativeTarget section */
		246269F424B07A920008D0CB /* InvestmentTracker */ = {
			isa = PBXNativeTarget;
			buildConfigurationList = 24626A0424B07A930008D0CB /* Build configuration list for PBXNativeTarget "InvestmentTracker" */;
			buildPhases = (
				246269F124B07A920008D0CB /* Sources */,
				246269F224B07A920008D0CB /* Frameworks */,
				246269F324B07A920008D0CB /* Resources */,
			);
			buildRules = (
			);
			dependencies = (
			);
			name = InvestmentTracker;
			packageProductDependencies = (
				24FCF68C24B07D420035FC1C /* SwiftPI */,
				245B672824B080D3004F35F4 /* InvestmentDataModel */,
			);
			productName = InvestmentTracker;
			productReference = 246269F524B07A920008D0CB /* InvestmentTracker.app */;
			productType = "com.apple.product-type.application";
		};
/* End PBXNativeTarget section */

/* Begin PBXProject section */
		246269ED24B07A920008D0CB /* Project object */ = {
			isa = PBXProject;
			attributes = {
				LastSwiftUpdateCheck = 1200;
				LastUpgradeCheck = 1200;
				TargetAttributes = {
					246269F424B07A920008D0CB = {
						CreatedOnToolsVersion = 12.0;
					};
				};
			};
			buildConfigurationList = 246269F024B07A920008D0CB /* Build configuration list for PBXProject "InvestmentTracker" */;
			compatibilityVersion = "Xcode 9.3";
			developmentRegion = en;
			hasScannedForEncodings = 0;
			knownRegions = (
				en,
				Base,
			);
			mainGroup = 246269EC24B07A920008D0CB;
			packageReferences = (
				24FCF68B24B07D420035FC1C /* XCRemoteSwiftPackageReference "SwiftPI" */,
				245B672724B080D3004F35F4 /* XCRemoteSwiftPackageReference "InvestmentDataModel" */,
			);
			productRefGroup = 246269F624B07A920008D0CB /* Products */;
			projectDirPath = "";
			projectRoot = "";
			targets = (
				246269F424B07A920008D0CB /* InvestmentTracker */,
			);
		};
/* End PBXProject section */

/* Begin PBXResourcesBuildPhase section */
		246269F324B07A920008D0CB /* Resources */ = {
			isa = PBXResourcesBuildPhase;
			buildActionMask = 2147483647;
			files = (
				24626A0024B07A930008D0CB /* Preview Assets.xcassets in Resources */,
				246269FD24B07A930008D0CB /* Assets.xcassets in Resources */,
			);
			runOnlyForDeploymentPostprocessing = 0;
		};
/* End PBXResourcesBuildPhase section */

/* Begin PBXSourcesBuildPhase section */
		246269F124B07A920008D0CB /* Sources */ = {
			isa = PBXSourcesBuildPhase;
			buildActionMask = 2147483647;
			files = (
				245B673124B0B4FF004F35F4 /* sample data projects.swift in Sources */,
				245B674C24B1F63E004F35F4 /* EntityPicker.swift in Sources */,
				245B674124B13CB6004F35F4 /* PaymentEditor.swift in Sources */,
				241DABD624B8E279001B5FB8 /* Portfolio+Ext NOT USED.swift in Sources */,
				24277C8B24B334D0006DE82A /* Extension+Date.swift in Sources */,
				241DABE524BBAB9C001B5FB8 /* Project+Ext.swift in Sources */,
				241DABE024BA5D96001B5FB8 /* EntityRow.swift in Sources */,
				245B673B24B12A67004F35F4 /* ProjectView.swift in Sources */,
				24F5E1D224B5C98D00D8453F /* EditorWrapper_Edit_Test.swift in Sources */,
				245B674A24B1D973004F35F4 /* PaymentView.swift in Sources */,
				245B674624B1B771004F35F4 /* Array+Identifiable.swift in Sources */,
				24BBF15524B845F200CDF613 /* Validatable.swift in Sources */,
				245B673624B0B92E004F35F4 /* Settings.swift in Sources */,
				241DABCF24B85CE4001B5FB8 /* View+debugPrint.swift in Sources */,
				24F5E1CE24B5C8CE00D8453F /* EditorWrapper_Create_Test.swift in Sources */,
				24277C9324B37FB2006DE82A /* Placeholdable.swift in Sources */,
				245B673824B0BAC8004F35F4 /* SettingsView.swift in Sources */,
				241DABE324BB8341001B5FB8 /* Portfolio+Entity.swift in Sources */,
				241DABD124B86435001B5FB8 /* EntitySelector.swift in Sources */,
				245B674824B1C07F004F35F4 /* PaymentRow.swift in Sources */,
				246269FB24B07A930008D0CB /* ContentView.swift in Sources */,
				245B673324B0B894004F35F4 /* Portfolio.swift in Sources */,
				245B672F24B0B4C4004F35F4 /* ProjectList.swift in Sources */,
				241DABD424B8E208001B5FB8 /* Portfolio+Ext.swift in Sources */,
				24277C9E24B4A599006DE82A /* Uniqued+String.swift in Sources */,
				245B673F24B13BC7004F35F4 /* EntityEditor.swift in Sources */,
				24277C8F24B364A7006DE82A /* EditorWrapper.swift in Sources */,
				241DABDC24B9B326001B5FB8 /* ProjectRow.swift in Sources */,
				24277C9924B398F1006DE82A /* ProjectEditor.swift in Sources */,
				241DABDE24BA18C9001B5FB8 /* SimpleEditor.swift in Sources */,
				241DABCA24B856CA001B5FB8 /* AmountPicker.swift in Sources */,
				241DABDA24B9A406001B5FB8 /* Portfolio+Totals.swift in Sources */,
				246269F924B07A930008D0CB /* InvestmentTrackerApp.swift in Sources */,
			);
			runOnlyForDeploymentPostprocessing = 0;
		};
/* End PBXSourcesBuildPhase section */

/* Begin XCBuildConfiguration section */
		24626A0224B07A930008D0CB /* Debug */ = {
			isa = XCBuildConfiguration;
			buildSettings = {
				ALWAYS_SEARCH_USER_PATHS = NO;
				CLANG_ANALYZER_NONNULL = YES;
				CLANG_ANALYZER_NUMBER_OBJECT_CONVERSION = YES_AGGRESSIVE;
				CLANG_CXX_LANGUAGE_STANDARD = "gnu++14";
				CLANG_CXX_LIBRARY = "libc++";
				CLANG_ENABLE_MODULES = YES;
				CLANG_ENABLE_OBJC_ARC = YES;
				CLANG_ENABLE_OBJC_WEAK = YES;
				CLANG_WARN_BLOCK_CAPTURE_AUTORELEASING = YES;
				CLANG_WARN_BOOL_CONVERSION = YES;
				CLANG_WARN_COMMA = YES;
				CLANG_WARN_CONSTANT_CONVERSION = YES;
				CLANG_WARN_DEPRECATED_OBJC_IMPLEMENTATIONS = YES;
				CLANG_WARN_DIRECT_OBJC_ISA_USAGE = YES_ERROR;
				CLANG_WARN_DOCUMENTATION_COMMENTS = YES;
				CLANG_WARN_EMPTY_BODY = YES;
				CLANG_WARN_ENUM_CONVERSION = YES;
				CLANG_WARN_INFINITE_RECURSION = YES;
				CLANG_WARN_INT_CONVERSION = YES;
				CLANG_WARN_NON_LITERAL_NULL_CONVERSION = YES;
				CLANG_WARN_OBJC_IMPLICIT_RETAIN_SELF = YES;
				CLANG_WARN_OBJC_LITERAL_CONVERSION = YES;
				CLANG_WARN_OBJC_ROOT_CLASS = YES_ERROR;
				CLANG_WARN_QUOTED_INCLUDE_IN_FRAMEWORK_HEADER = YES;
				CLANG_WARN_RANGE_LOOP_ANALYSIS = YES;
				CLANG_WARN_STRICT_PROTOTYPES = YES;
				CLANG_WARN_SUSPICIOUS_MOVE = YES;
				CLANG_WARN_UNGUARDED_AVAILABILITY = YES_AGGRESSIVE;
				CLANG_WARN_UNREACHABLE_CODE = YES;
				CLANG_WARN__DUPLICATE_METHOD_MATCH = YES;
				COPY_PHASE_STRIP = NO;
				DEBUG_INFORMATION_FORMAT = dwarf;
				ENABLE_STRICT_OBJC_MSGSEND = YES;
				ENABLE_TESTABILITY = YES;
				GCC_C_LANGUAGE_STANDARD = gnu11;
				GCC_DYNAMIC_NO_PIC = NO;
				GCC_NO_COMMON_BLOCKS = YES;
				GCC_OPTIMIZATION_LEVEL = 0;
				GCC_PREPROCESSOR_DEFINITIONS = (
					"DEBUG=1",
					"$(inherited)",
				);
				GCC_WARN_64_TO_32_BIT_CONVERSION = YES;
				GCC_WARN_ABOUT_RETURN_TYPE = YES_ERROR;
				GCC_WARN_UNDECLARED_SELECTOR = YES;
				GCC_WARN_UNINITIALIZED_AUTOS = YES_AGGRESSIVE;
				GCC_WARN_UNUSED_FUNCTION = YES;
				GCC_WARN_UNUSED_VARIABLE = YES;
				IPHONEOS_DEPLOYMENT_TARGET = 14.0;
				MTL_ENABLE_DEBUG_INFO = INCLUDE_SOURCE;
				MTL_FAST_MATH = YES;
				ONLY_ACTIVE_ARCH = YES;
				SDKROOT = iphoneos;
				SWIFT_ACTIVE_COMPILATION_CONDITIONS = DEBUG;
				SWIFT_OPTIMIZATION_LEVEL = "-Onone";
			};
			name = Debug;
		};
		24626A0324B07A930008D0CB /* Release */ = {
			isa = XCBuildConfiguration;
			buildSettings = {
				ALWAYS_SEARCH_USER_PATHS = NO;
				CLANG_ANALYZER_NONNULL = YES;
				CLANG_ANALYZER_NUMBER_OBJECT_CONVERSION = YES_AGGRESSIVE;
				CLANG_CXX_LANGUAGE_STANDARD = "gnu++14";
				CLANG_CXX_LIBRARY = "libc++";
				CLANG_ENABLE_MODULES = YES;
				CLANG_ENABLE_OBJC_ARC = YES;
				CLANG_ENABLE_OBJC_WEAK = YES;
				CLANG_WARN_BLOCK_CAPTURE_AUTORELEASING = YES;
				CLANG_WARN_BOOL_CONVERSION = YES;
				CLANG_WARN_COMMA = YES;
				CLANG_WARN_CONSTANT_CONVERSION = YES;
				CLANG_WARN_DEPRECATED_OBJC_IMPLEMENTATIONS = YES;
				CLANG_WARN_DIRECT_OBJC_ISA_USAGE = YES_ERROR;
				CLANG_WARN_DOCUMENTATION_COMMENTS = YES;
				CLANG_WARN_EMPTY_BODY = YES;
				CLANG_WARN_ENUM_CONVERSION = YES;
				CLANG_WARN_INFINITE_RECURSION = YES;
				CLANG_WARN_INT_CONVERSION = YES;
				CLANG_WARN_NON_LITERAL_NULL_CONVERSION = YES;
				CLANG_WARN_OBJC_IMPLICIT_RETAIN_SELF = YES;
				CLANG_WARN_OBJC_LITERAL_CONVERSION = YES;
				CLANG_WARN_OBJC_ROOT_CLASS = YES_ERROR;
				CLANG_WARN_QUOTED_INCLUDE_IN_FRAMEWORK_HEADER = YES;
				CLANG_WARN_RANGE_LOOP_ANALYSIS = YES;
				CLANG_WARN_STRICT_PROTOTYPES = YES;
				CLANG_WARN_SUSPICIOUS_MOVE = YES;
				CLANG_WARN_UNGUARDED_AVAILABILITY = YES_AGGRESSIVE;
				CLANG_WARN_UNREACHABLE_CODE = YES;
				CLANG_WARN__DUPLICATE_METHOD_MATCH = YES;
				COPY_PHASE_STRIP = NO;
				DEBUG_INFORMATION_FORMAT = "dwarf-with-dsym";
				ENABLE_NS_ASSERTIONS = NO;
				ENABLE_STRICT_OBJC_MSGSEND = YES;
				GCC_C_LANGUAGE_STANDARD = gnu11;
				GCC_NO_COMMON_BLOCKS = YES;
				GCC_WARN_64_TO_32_BIT_CONVERSION = YES;
				GCC_WARN_ABOUT_RETURN_TYPE = YES_ERROR;
				GCC_WARN_UNDECLARED_SELECTOR = YES;
				GCC_WARN_UNINITIALIZED_AUTOS = YES_AGGRESSIVE;
				GCC_WARN_UNUSED_FUNCTION = YES;
				GCC_WARN_UNUSED_VARIABLE = YES;
				IPHONEOS_DEPLOYMENT_TARGET = 14.0;
				MTL_ENABLE_DEBUG_INFO = NO;
				MTL_FAST_MATH = YES;
				SDKROOT = iphoneos;
				SWIFT_COMPILATION_MODE = wholemodule;
				SWIFT_OPTIMIZATION_LEVEL = "-O";
				VALIDATE_PRODUCT = YES;
			};
			name = Release;
		};
		24626A0524B07A930008D0CB /* Debug */ = {
			isa = XCBuildConfiguration;
			buildSettings = {
				ASSETCATALOG_COMPILER_APPICON_NAME = AppIcon;
				ASSETCATALOG_COMPILER_GLOBAL_ACCENT_COLOR_NAME = AccentColor;
				CODE_SIGN_STYLE = Automatic;
				DEVELOPMENT_ASSET_PATHS = "\"InvestmentTracker/Preview Content\"";
				DEVELOPMENT_TEAM = VRVJ9YNRQU;
				ENABLE_PREVIEWS = YES;
				INFOPLIST_FILE = InvestmentTracker/Info.plist;
				IPHONEOS_DEPLOYMENT_TARGET = 14.0;
				LD_RUNPATH_SEARCH_PATHS = (
					"$(inherited)",
					"@executable_path/Frameworks",
				);
				PRODUCT_BUNDLE_IDENTIFIER = com.photoigor.InvestmentTracker;
				PRODUCT_NAME = "$(TARGET_NAME)";
				SWIFT_VERSION = 5.0;
				TARGETED_DEVICE_FAMILY = "1,2";
			};
			name = Debug;
		};
		24626A0624B07A930008D0CB /* Release */ = {
			isa = XCBuildConfiguration;
			buildSettings = {
				ASSETCATALOG_COMPILER_APPICON_NAME = AppIcon;
				ASSETCATALOG_COMPILER_GLOBAL_ACCENT_COLOR_NAME = AccentColor;
				CODE_SIGN_STYLE = Automatic;
				DEVELOPMENT_ASSET_PATHS = "\"InvestmentTracker/Preview Content\"";
				DEVELOPMENT_TEAM = VRVJ9YNRQU;
				ENABLE_PREVIEWS = YES;
				INFOPLIST_FILE = InvestmentTracker/Info.plist;
				IPHONEOS_DEPLOYMENT_TARGET = 14.0;
				LD_RUNPATH_SEARCH_PATHS = (
					"$(inherited)",
					"@executable_path/Frameworks",
				);
				PRODUCT_BUNDLE_IDENTIFIER = com.photoigor.InvestmentTracker;
				PRODUCT_NAME = "$(TARGET_NAME)";
				SWIFT_VERSION = 5.0;
				TARGETED_DEVICE_FAMILY = "1,2";
			};
			name = Release;
		};
/* End XCBuildConfiguration section */

/* Begin XCConfigurationList section */
		246269F024B07A920008D0CB /* Build configuration list for PBXProject "InvestmentTracker" */ = {
			isa = XCConfigurationList;
			buildConfigurations = (
				24626A0224B07A930008D0CB /* Debug */,
				24626A0324B07A930008D0CB /* Release */,
			);
			defaultConfigurationIsVisible = 0;
			defaultConfigurationName = Release;
		};
		24626A0424B07A930008D0CB /* Build configuration list for PBXNativeTarget "InvestmentTracker" */ = {
			isa = XCConfigurationList;
			buildConfigurations = (
				24626A0524B07A930008D0CB /* Debug */,
				24626A0624B07A930008D0CB /* Release */,
			);
			defaultConfigurationIsVisible = 0;
			defaultConfigurationName = Release;
		};
/* End XCConfigurationList section */

/* Begin XCRemoteSwiftPackageReference section */
		245B672724B080D3004F35F4 /* XCRemoteSwiftPackageReference "InvestmentDataModel" */ = {
			isa = XCRemoteSwiftPackageReference;
			repositoryURL = "https://github.com/igor1309/InvestmentDataModel.git";
			requirement = {
				branch = main;
				kind = branch;
			};
		};
		24FCF68B24B07D420035FC1C /* XCRemoteSwiftPackageReference "SwiftPI" */ = {
			isa = XCRemoteSwiftPackageReference;
			repositoryURL = "https://github.com/igor1309/SwiftPI.git";
			requirement = {
				branch = master;
				kind = branch;
			};
		};
/* End XCRemoteSwiftPackageReference section */

/* Begin XCSwiftPackageProductDependency section */
		245B672824B080D3004F35F4 /* InvestmentDataModel */ = {
			isa = XCSwiftPackageProductDependency;
			package = 245B672724B080D3004F35F4 /* XCRemoteSwiftPackageReference "InvestmentDataModel" */;
			productName = InvestmentDataModel;
		};
		24FCF68C24B07D420035FC1C /* SwiftPI */ = {
			isa = XCSwiftPackageProductDependency;
			package = 24FCF68B24B07D420035FC1C /* XCRemoteSwiftPackageReference "SwiftPI" */;
			productName = SwiftPI;
		};
/* End XCSwiftPackageProductDependency section */
	};
	rootObject = 246269ED24B07A920008D0CB /* Project object */;
}
